# Generated by buf. DO NOT EDIT.
version: v2
deps:
  - name: buf.build/googleapis/googleapis
    commit: 004180b77378443887d3b55cabc00384
    digest: b5:e8f475fe3330f31f5fd86ac689093bcd274e19611a09db91f41d637cb9197881ce89882b94d13a58738e53c91c6e4bae7dc1feba85f590164c975a89e25115dc
  - name: buf.build/redpandadata/common
    commit: 6e06f84ad8234f5d9040a34f8c602fd4
    digest: b5:0563e29d0453fbe44363e88223651626d627fc61302a84ce26b1c67e787b937b136c6fd2549ee79e516c8e189e759e6387efac7081132953032c685921f3c780
