buf.build/gen/go/bufbuild/protovalidate/protocolbuffers/go v1.36.6-20250307204501-0409229c3780.1 h1:zgJPqo17m28+Lf5BW4xv3PvU20BnrmTcGYrog22lLIU=
buf.build/gen/go/bufbuild/protovalidate/protocolbuffers/go v1.36.6-20250307204501-0409229c3780.1/go.mod h1:avRlCjnFzl98VPaeCtJ24RrV/wwHFzB8sWXhj26+n/U=
buf.build/gen/go/grpc-ecosystem/grpc-gateway/protocolbuffers/go v1.36.6-20221127060915-a1ecdc58eccd.1 h1:1qr8f/GDLvs9kQwtECwd54hufmJqCkbkK5gsSSv3yso=
buf.build/gen/go/grpc-ecosystem/grpc-gateway/protocolbuffers/go v1.36.6-20221127060915-a1ecdc58eccd.1/go.mod h1:TV9HU6+2Qe0EYQCSVjdfi1wr1LUGWXdLKhR+tNHwsz8=
buf.build/gen/go/redpandadata/cloud/protocolbuffers/go v1.36.6-20250320090119-84779f9e5085.1 h1:FNsch/i61jz7pvBhu1cGoWfqiqlXri6thSbjUz/awWY=
buf.build/gen/go/redpandadata/cloud/protocolbuffers/go v1.36.6-20250320090119-84779f9e5085.1/go.mod h1:RUUH9gPqxuRHYeNMFjrU5hboN4lPAz2kNeOi81gjQcI=
buf.build/gen/go/redpandadata/common/protocolbuffers/go v1.36.6-20240917150400-3f349e63f44a.1 h1:PZG/e6nKfOkEIp45KoUIzReXRH6JpL9oKPe4tlJqD64=
buf.build/gen/go/redpandadata/common/protocolbuffers/go v1.36.6-20240917150400-3f349e63f44a.1/go.mod h1:yA5Jg45dsAoOvAx1XHbDwwcWkkYW568MUeKJsa9bgrY=
buf.build/gen/go/redpandadata/dataplane/protocolbuffers/go v1.36.1-20250404200318-65f29ddd7b29.1 h1:bKFW+4MmLSsvdI3IEdWoQvqWsl57gRkkZ2d+IfiA3ts=
buf.build/gen/go/redpandadata/dataplane/protocolbuffers/go v1.36.1-20250404200318-65f29ddd7b29.1/go.mod h1:xvYcNfpmRE8HXzKd4SKY04/mYlXiqRpwCAjXY56Fico=
connectrpc.com/connect v1.18.1 h1:PAg7CjSAGvscaf6YZKUefjoih5Z/qYkyaTrBW8xvYPw=
connectrpc.com/connect v1.18.1/go.mod h1:0292hj1rnx8oFrStN7cB4jjVBeqs+Yx5yDIC2prWDO8=
github.com/davecgh/go-spew v1.1.1 h1:vj9j/u1bqnvCEfJOwUhtlOARqs3+rkHYY13jYWTU97c=
github.com/davecgh/go-spew v1.1.1/go.mod h1:J7Y8YcW2NihsgmVo/mv3lAwl/skON4iLHjSsI+c5H38=
github.com/go-logr/logr v1.4.2 h1:6pFjapn8bFcIbiKo3XT4j/BhANplGihG6tvd+8rYgrY=
github.com/go-logr/logr v1.4.2/go.mod h1:9T104GzyrTigFIr8wt5mBrctHMim0Nb2HLGrmQ40KvY=
github.com/go-logr/stdr v1.2.2 h1:hSWxHoqTgW2S2qGc0LTAI563KZ5YKYRhT3MFKZMbjag=
github.com/go-logr/stdr v1.2.2/go.mod h1:mMo/vtBO5dYbehREoey6XUKy/eSumjCCveDpRre4VKE=
github.com/golang/protobuf v1.5.4 h1:i7eJL8qZTpSEXOPTxNKhASYpMn+8e5Q6AdndVa1dWek=
github.com/golang/protobuf v1.5.4/go.mod h1:lnTiLA8Wa4RWRcIUkrtSVa5nRhsEGBg48fD6rSs7xps=
github.com/google/go-cmp v0.7.0 h1:wk8382ETsv4JYUZwIsn6YpYiWiBsYLSJiTsyBybVuN8=
github.com/google/go-cmp v0.7.0/go.mod h1:pXiqmnSA92OHEEa9HXL2W4E7lf9JzCmGVUdgjX3N/iU=
github.com/google/uuid v1.6.0 h1:NIvaJDMOsjHA8n1jAhLSgzrAzy1Hgr+hNrb57e+94F0=
github.com/google/uuid v1.6.0/go.mod h1:TIyPZe4MgqvfeYDBFedMoGGpEw/LqOeaOT+nhxU+yHo=
github.com/mark3labs/mcp-go v0.20.0 h1:NYZDZ10GBKHVz4SdQ2tPFSDFQFKCTrTZJLn4wj6jAaw=
github.com/mark3labs/mcp-go v0.20.0/go.mod h1:KmJndYv7GIgcPVwEKJjNcbhVQ+hJGJhrCCB/9xITzpE=
github.com/onsi/gomega v1.37.0 h1:CdEG8g0S133B4OswTDC/5XPSzE1OeP29QOioj2PID2Y=
github.com/onsi/gomega v1.37.0/go.mod h1:8D9+Txp43QWKhM24yyOBEdpkzN8FvJyAwecBgsU4KU0=
github.com/pmezard/go-difflib v1.0.0 h1:4DBwDE0NGyQoBHbLQYPwSUPoCMWR5BEzIk/f1lZbAQM=
github.com/pmezard/go-difflib v1.0.0/go.mod h1:iKH77koFhYxTK1pcRnkKkqfTogsbg7gZNVY4sRDYZ/4=
github.com/redpanda-data/protoc-gen-go-mcp v0.0.0-20250807152323-eb5a6c7a4807 h1:P921VAyfE2FiOD/ogQwz0RqzvA9p97C+4IKQk+/iuhI=
github.com/redpanda-data/protoc-gen-go-mcp v0.0.0-20250807152323-eb5a6c7a4807/go.mod h1:GsxA56i1zN5Lt1cPd+wDRUMUf8hDPXdVJCtj7p4E2is=
github.com/redpanda-data/protoc-gen-go-mcp v0.0.0-20250807155127-860e7d5c0dbb h1:lY3wwRD1KrDC/2wcbThdgSKb4/85x0ku8KUALCeuSiE=
github.com/redpanda-data/protoc-gen-go-mcp v0.0.0-20250807155127-860e7d5c0dbb/go.mod h1:GsxA56i1zN5Lt1cPd+wDRUMUf8hDPXdVJCtj7p4E2is=
github.com/redpanda-data/protoc-gen-go-mcp v0.0.0-20250808095206-f44ac18d20e1 h1:U4L/zWRyW25QlxxLJK5LZVTwK+e2wR4RNvvnh5L/EPc=
github.com/redpanda-data/protoc-gen-go-mcp v0.0.0-20250808095206-f44ac18d20e1/go.mod h1:PRy/69366P4snFqX1Ev980fygqGeiV6b7pPJ/52WOj0=
github.com/redpanda-data/protoc-gen-go-mcp v0.0.0-20250808125345-04898b79f6c0 h1:N5jfm3n0uHI1K2jMhBi6vVjSru83HA5GPsgeTxlQYPw=
github.com/redpanda-data/protoc-gen-go-mcp v0.0.0-20250808125345-04898b79f6c0/go.mod h1:PRy/69366P4snFqX1Ev980fygqGeiV6b7pPJ/52WOj0=
github.com/stretchr/testify v1.9.0 h1:HtqpIVDClZ4nwg75+f6Lvsy/wHu+3BoSGCbBAcpTsTg=
github.com/stretchr/testify v1.9.0/go.mod h1:r2ic/lqez/lEtzL7wO/rwa5dbSLXVDPFyf8C91i36aY=
github.com/yosida95/uritemplate/v3 v3.0.2 h1:Ed3Oyj9yrmi9087+NczuL5BwkIc4wvTb5zIM+UJPGz4=
github.com/yosida95/uritemplate/v3 v3.0.2/go.mod h1:ILOh0sOhIJR3+L/8afwt/kE++YT040gmv5BQTMR2HP4=
go.opentelemetry.io/auto/sdk v1.1.0 h1:cH53jehLUN6UFLY71z+NDOiNJqDdPRaXzTel0sJySYA=
go.opentelemetry.io/auto/sdk v1.1.0/go.mod h1:3wSPjt5PWp2RhlCcmmOial7AvC4DQqZb7a7wCow3W8A=
go.opentelemetry.io/otel v1.34.0 h1:zRLXxLCgL1WyKsPVrgbSdMN4c0FMkDAskSTQP+0hdUY=
go.opentelemetry.io/otel v1.34.0/go.mod h1:OWFPOQ+h4G8xpyjgqo4SxJYdDQ/qmRH+wivy7zzx9oI=
go.opentelemetry.io/otel/metric v1.34.0 h1:+eTR3U0MyfWjRDhmFMxe2SsW64QrZ84AOhvqS7Y+PoQ=
go.opentelemetry.io/otel/metric v1.34.0/go.mod h1:CEDrp0fy2D0MvkXE+dPV7cMi8tWZwX3dmaIhwPOaqHE=
go.opentelemetry.io/otel/sdk v1.34.0 h1:95zS4k/2GOy069d321O8jWgYsW3MzVV+KuSPKp7Wr1A=
go.opentelemetry.io/otel/sdk v1.34.0/go.mod h1:0e/pNiaMAqaykJGKbi+tSjWfNNHMTxoC9qANsCzbyxU=
go.opentelemetry.io/otel/sdk/metric v1.34.0 h1:5CeK9ujjbFVL5c1PhLuStg1wxA7vQv7ce1EK0Gyvahk=
go.opentelemetry.io/otel/sdk/metric v1.34.0/go.mod h1:jQ/r8Ze28zRKoNRdkjCZxfs6YvBTG1+YIqyFVFYec5w=
go.opentelemetry.io/otel/trace v1.34.0 h1:+ouXS2V8Rd4hp4580a8q23bg0azF2nI8cqLYnC8mh/k=
go.opentelemetry.io/otel/trace v1.34.0/go.mod h1:Svm7lSjQD7kG7KJ/MUHPVXSDGz2OX4h0M2jHBhmSfRE=
golang.org/x/net v0.37.0 h1:1zLorHbz+LYj7MQlSf1+2tPIIgibq2eL5xkrGk6f+2c=
golang.org/x/net v0.37.0/go.mod h1:ivrbrMbzFq5J41QOQh0siUuly180yBYtLp+CKbEaFx8=
golang.org/x/sys v0.31.0 h1:ioabZlmFYtWhL+TRYpcnNlLwhyxaM9kWTDEmfnprqik=
golang.org/x/sys v0.31.0/go.mod h1:BJP2sWEmIv4KK5OTEluFJCKSidICx8ciO85XgH3Ak8k=
golang.org/x/text v0.23.0 h1:D71I7dUrlY+VX0gQShAThNGHFxZ13dGLBHQLVl1mJlY=
golang.org/x/text v0.23.0/go.mod h1:/BLNzu4aZCJ1+kcD0DNRotWKage4q2rGVAg4o22unh4=
google.golang.org/genproto v0.0.0-20250409194420-de1ac958c67a h1:AoyioNVZR+nS6zbvnvW5rjQdeQu7/BWwIT7YI8Gq5wU=
google.golang.org/genproto v0.0.0-20250409194420-de1ac958c67a/go.mod h1:qD4k1RhYfNmRjqaHJxKLG/HRtqbXVclhjop2mPlxGwA=
google.golang.org/genproto/googleapis/api v0.0.0-20250409194420-de1ac958c67a h1:OQ7sHVzkx6L57dQpzUS4ckfWJ51KDH74XHTDe23xWAs=
google.golang.org/genproto/googleapis/api v0.0.0-20250409194420-de1ac958c67a/go.mod h1:2R6XrVC8Oc08GlNh8ujEpc7HkLiEZ16QeY7FxIs20ac=
google.golang.org/genproto/googleapis/rpc v0.0.0-20250409194420-de1ac958c67a h1:GIqLhp/cYUkuGuiT+vJk8vhOP86L4+SP5j8yXgeVpvI=
google.golang.org/genproto/googleapis/rpc v0.0.0-20250409194420-de1ac958c67a/go.mod h1:qQ0YXyHHx3XkvlzUtpXDkS29lDSafHMZBAZDc03LQ3A=
google.golang.org/grpc v1.71.0 h1:kF77BGdPTQ4/JZWMlb9VpJ5pa25aqvVqogsxNHHdeBg=
google.golang.org/grpc v1.71.0/go.mod h1:H0GRtasmQOh9LkFoCPDu3ZrwUtD1YGE+b2vYBYd/8Ec=
google.golang.org/protobuf v1.36.6 h1:z1NpPI8ku2WgiWnf+t9wTPsn6eP1L7ksHUlkfLvd9xY=
google.golang.org/protobuf v1.36.6/go.mod h1:jduwjTPXsFjZGTmRluh+L6NjiWu7pchiJ2/5YcXBHnY=
gopkg.in/yaml.v3 v3.0.1 h1:fxVm/GzAzEWqLHuvctI91KS9hhNmmWOoWu0XTYJS7CA=
gopkg.in/yaml.v3 v3.0.1/go.mod h1:K4uyk7z7BCEPqu6E+C64Yfv1cQ7kz7rIZviUmN+EgEM=
