# Generated by buf. DO NOT EDIT.
version: v2
deps:
  - name: buf.build/googleapis/googleapis
    commit: 004180b77378443887d3b55cabc00384
    digest: b5:e8f475fe3330f31f5fd86ac689093bcd274e19611a09db91f41d637cb9197881ce89882b94d13a58738e53c91c6e4bae7dc1feba85f590164c975a89e25115dc
  - name: buf.build/redpandadata/common
    commit: 8efbf3a00d6e444d89110a82f3b1f51f
    digest: b5:918e56de1955b4e6e1499c9ffd8e37e59f205dcef3978d72acee1001d21e06c7773e61eed2adfdaaf9c2e4f380676d1cc1bf39e10fe4e1926409496fb6562ce0
