# Generated by buf. DO NOT EDIT.
version: v2
deps:
  - name: buf.build/googleapis/googleapis
    commit: 004180b77378443887d3b55cabc00384
    digest: b5:e8f475fe3330f31f5fd86ac689093bcd274e19611a09db91f41d637cb9197881ce89882b94d13a58738e53c91c6e4bae7dc1feba85f590164c975a89e25115dc
  - name: buf.build/redpandadata/common
    commit: 262feff382254cc0922d18c59d4c4d7d
    digest: b5:9f11932d9dc94944f52ad7d6a1b2b9735fb91f3698e824aa849d80605088194b9cd43e970887764d5a57609363fb63abd2ffb645c0fd4e3110d1f7aab95b2e85
